
Microsoft Visual Studio Solution File, Format Version 12.00
# Visual Studio 14
VisualStudioVersion = 14.0.25420.1
MinimumVisualStudioVersion = 10.0.40219.1
Project("{FAE04EC0-301F-11D3-BF4B-00C04F79EFBC}") = "TimahWithdrawal", "TimahWithdrawal\TimahWithdrawal.csproj", "{279C1920-3E35-4916-9456-482502FEE445}"
EndProject
Project("{FAE04EC0-301F-11D3-BF4B-00C04F79EFBC}") = "ConsoleApplication2", "ConsoleApplication2\ConsoleApplication2.csproj", "{B8458724-6E6D-4FB1-9B78-71768847187C}"
EndProject
Project("{FAE04EC0-301F-11D3-BF4B-00C04F79EFBC}") = "InsertWDServices", "InsertWDServices\InsertWDServices.csproj", "{6C3258DF-22E9-4103-AEF0-56F6A78F2ED1}"
EndProject
Global
	GlobalSection(SolutionConfigurationPlatforms) = preSolution
		Debug|Any CPU = Debug|Any CPU
		Release|Any CPU = Release|Any CPU
	EndGlobalSection
	GlobalSection(ProjectConfigurationPlatforms) = postSolution
		{279C1920-3E35-4916-9456-482502FEE445}.Debug|Any CPU.ActiveCfg = Debug|Any CPU
		{279C1920-3E35-4916-9456-482502FEE445}.Debug|Any CPU.Build.0 = Debug|Any CPU
		{279C1920-3E35-4916-9456-482502FEE445}.Release|Any CPU.ActiveCfg = Release|Any CPU
		{279C1920-3E35-4916-9456-482502FEE445}.Release|Any CPU.Build.0 = Release|Any CPU
		{B8458724-6E6D-4FB1-9B78-71768847187C}.Debug|Any CPU.ActiveCfg = Debug|Any CPU
		{B8458724-6E6D-4FB1-9B78-71768847187C}.Debug|Any CPU.Build.0 = Debug|Any CPU
		{B8458724-6E6D-4FB1-9B78-71768847187C}.Release|Any CPU.ActiveCfg = Release|Any CPU
		{B8458724-6E6D-4FB1-9B78-71768847187C}.Release|Any CPU.Build.0 = Release|Any CPU
		{6C3258DF-22E9-4103-AEF0-56F6A78F2ED1}.Debug|Any CPU.ActiveCfg = Debug|Any CPU
		{6C3258DF-22E9-4103-AEF0-56F6A78F2ED1}.Debug|Any CPU.Build.0 = Debug|Any CPU
		{6C3258DF-22E9-4103-AEF0-56F6A78F2ED1}.Release|Any CPU.ActiveCfg = Release|Any CPU
		{6C3258DF-22E9-4103-AEF0-56F6A78F2ED1}.Release|Any CPU.Build.0 = Release|Any CPU
	EndGlobalSection
	GlobalSection(SolutionProperties) = preSolution
		HideSolutionNode = FALSE
	EndGlobalSection
EndGlobal
